
Microsoft Visual Studio Solution File, Format Version 12.00
# Visual Studio Version 16
VisualStudioVersion = 16.0.29609.76
MinimumVisualStudioVersion = 10.0.40219.1
Project("{FAE04EC0-301F-11D3-BF4B-00C04F79EFBC}") = "ödev.Gazikazan", "ödev.Gazikazan\ödev.Gazikazan.csproj", "{A34B24DF-ACF3-4B66-8A1F-0E9882615088}"
EndProject
Global
	GlobalSection(SolutionConfigurationPlatforms) = preSolution
		Debug|Any CPU = Debug|Any CPU
		Release|Any CPU = Release|Any CPU
	EndGlobalSection
	GlobalSection(ProjectConfigurationPlatforms) = postSolution
		{A34B24DF-ACF3-4B66-8A1F-0E9882615088}.Debug|Any CPU.ActiveCfg = Debug|Any CPU
		{A34B24DF-ACF3-4B66-8A1F-0E9882615088}.Debug|Any CPU.Build.0 = Debug|Any CPU
		{A34B24DF-ACF3-4B66-8A1F-0E9882615088}.Release|Any CPU.ActiveCfg = Release|Any CPU
		{A34B24DF-ACF3-4B66-8A1F-0E9882615088}.Release|Any CPU.Build.0 = Release|Any CPU
	EndGlobalSection
	GlobalSection(SolutionProperties) = preSolution
		HideSolutionNode = FALSE
	EndGlobalSection
	GlobalSection(ExtensibilityGlobals) = postSolution
		SolutionGuid = {0D920066-687E-4DBA-A175-F3FC9623CE09}
	EndGlobalSection
EndGlobal
